// !$*UTF8*$!
{
	archiveVersion = 1;
	classes = {
	};
	objectVersion = 50;
	objects = {

/* Begin PBXBuildFile section */
		EA169E8F22CE877900EB46AE /* AppDelegate.swift in Sources */ = {isa = PBXBuildFile; fileRef = EA169E8E22CE877900EB46AE /* AppDelegate.swift */; };
		EA169E9422CE877900EB46AE /* Main.storyboard in Resources */ = {isa = PBXBuildFile; fileRef = EA169E9222CE877900EB46AE /* Main.storyboard */; };
		EA169E9722CE877900EB46AE /* GuruToDo.xcdatamodeld in Sources */ = {isa = PBXBuildFile; fileRef = EA169E9522CE877900EB46AE /* GuruToDo.xcdatamodeld */; };
		EA169E9922CE877B00EB46AE /* Assets.xcassets in Resources */ = {isa = PBXBuildFile; fileRef = EA169E9822CE877B00EB46AE /* Assets.xcassets */; };
		EA169E9C22CE877B00EB46AE /* LaunchScreen.storyboard in Resources */ = {isa = PBXBuildFile; fileRef = EA169E9A22CE877B00EB46AE /* LaunchScreen.storyboard */; };
		EA169EB222CFE47300EB46AE /* CoreDataManager.swift in Sources */ = {isa = PBXBuildFile; fileRef = EA169EB122CFE47300EB46AE /* CoreDataManager.swift */; };
		EA169EB822CFE77A00EB46AE /* MainTabBarController.swift in Sources */ = {isa = PBXBuildFile; fileRef = EA169EB722CFE77A00EB46AE /* MainTabBarController.swift */; };
		EA169EC122CFE80000EB46AE /* MMTabBarAnimateController.swift in Sources */ = {isa = PBXBuildFile; fileRef = EA169EBD22CFE80000EB46AE /* MMTabBarAnimateController.swift */; };
		EA169EC222CFE80000EB46AE /* UIViewExtension.swift in Sources */ = {isa = PBXBuildFile; fileRef = EA169EBE22CFE80000EB46AE /* UIViewExtension.swift */; };
		EA169EC322CFE80000EB46AE /* AnimateItem.swift in Sources */ = {isa = PBXBuildFile; fileRef = EA169EBF22CFE80000EB46AE /* AnimateItem.swift */; };
		EA169EC422CFE80000EB46AE /* ImageAnimateLayer.swift in Sources */ = {isa = PBXBuildFile; fileRef = EA169EC022CFE80000EB46AE /* ImageAnimateLayer.swift */; };
		EA169EC622CFE89500EB46AE /* StoryboardIdentifiable.swift in Sources */ = {isa = PBXBuildFile; fileRef = EA169EC522CFE89500EB46AE /* StoryboardIdentifiable.swift */; };
		EA169EC822CFE8EE00EB46AE /* Localized.swift in Sources */ = {isa = PBXBuildFile; fileRef = EA169EC722CFE8EE00EB46AE /* Localized.swift */; };
		EA169ECA22CFEAD600EB46AE /* ActiveTasks.storyboard in Resources */ = {isa = PBXBuildFile; fileRef = EA169EC922CFEAD600EB46AE /* ActiveTasks.storyboard */; };
		EA169ECC22CFEAE600EB46AE /* DoneTasks.storyboard in Resources */ = {isa = PBXBuildFile; fileRef = EA169ECB22CFEAE600EB46AE /* DoneTasks.storyboard */; };
		EA169ECE22CFEB8300EB46AE /* ActiveTasksNavigationController.swift in Sources */ = {isa = PBXBuildFile; fileRef = EA169ECD22CFEB8300EB46AE /* ActiveTasksNavigationController.swift */; };
		EA169ED022CFEB9100EB46AE /* DoneTasksNavigationController.swift in Sources */ = {isa = PBXBuildFile; fileRef = EA169ECF22CFEB9100EB46AE /* DoneTasksNavigationController.swift */; };
		EA169ED322CFEBD600EB46AE /* ActiveTasksViewController.swift in Sources */ = {isa = PBXBuildFile; fileRef = EA169ED222CFEBD600EB46AE /* ActiveTasksViewController.swift */; };
		EA169ED522CFEBE000EB46AE /* DoneTasksViewController.swift in Sources */ = {isa = PBXBuildFile; fileRef = EA169ED422CFEBE000EB46AE /* DoneTasksViewController.swift */; };
		EA169ED722CFEDE400EB46AE /* UIStoryboard+Extension.swift in Sources */ = {isa = PBXBuildFile; fileRef = EA169ED622CFEDE400EB46AE /* UIStoryboard+Extension.swift */; };
		EA169EDD22CFF3B700EB46AE /* Config.swift in Sources */ = {isa = PBXBuildFile; fileRef = EA169EDC22CFF3B700EB46AE /* Config.swift */; };
		EA169EDF22CFFA1100EB46AE /* AddAndEditTaskView.swift in Sources */ = {isa = PBXBuildFile; fileRef = EA169EDE22CFFA1100EB46AE /* AddAndEditTaskView.swift */; };
		EA169EE122CFFA1D00EB46AE /* AddAndEditTaskView.xib in Resources */ = {isa = PBXBuildFile; fileRef = EA169EE022CFFA1D00EB46AE /* AddAndEditTaskView.xib */; };
		EA169EE322CFFA7A00EB46AE /* UnderlineTextField.swift in Sources */ = {isa = PBXBuildFile; fileRef = EA169EE222CFFA7900EB46AE /* UnderlineTextField.swift */; };
		EA169EE622CFFC1900EB46AE /* XibCreatable.swift in Sources */ = {isa = PBXBuildFile; fileRef = EA169EE522CFFC1900EB46AE /* XibCreatable.swift */; };
		EA169EE822CFFC3300EB46AE /* XibIdentifiable.swift in Sources */ = {isa = PBXBuildFile; fileRef = EA169EE722CFFC3300EB46AE /* XibIdentifiable.swift */; };
		EA169EEA22D1D68000EB46AE /* UIColor+Extension.swift in Sources */ = {isa = PBXBuildFile; fileRef = EA169EE922D1D68000EB46AE /* UIColor+Extension.swift */; };
		EA169EEC22D1DCFA00EB46AE /* UIViewController+Extension.swift in Sources */ = {isa = PBXBuildFile; fileRef = EA169EEB22D1DCFA00EB46AE /* UIViewController+Extension.swift */; };
/* End PBXBuildFile section */

/* Begin PBXFileReference section */
		EA169E8B22CE877900EB46AE /* GuruToDo.app */ = {isa = PBXFileReference; explicitFileType = wrapper.application; includeInIndex = 0; path = GuruToDo.app; sourceTree = BUILT_PRODUCTS_DIR; };
		EA169E8E22CE877900EB46AE /* AppDelegate.swift */ = {isa = PBXFileReference; lastKnownFileType = sourcecode.swift; path = AppDelegate.swift; sourceTree = "<group>"; };
		EA169E9322CE877900EB46AE /* Base */ = {isa = PBXFileReference; lastKnownFileType = file.storyboard; name = Base; path = Base.lproj/Main.storyboard; sourceTree = "<group>"; };
		EA169E9622CE877900EB46AE /* GuruToDo.xcdatamodel */ = {isa = PBXFileReference; lastKnownFileType = wrapper.xcdatamodel; path = GuruToDo.xcdatamodel; sourceTree = "<group>"; };
		EA169E9822CE877B00EB46AE /* Assets.xcassets */ = {isa = PBXFileReference; lastKnownFileType = folder.assetcatalog; path = Assets.xcassets; sourceTree = "<group>"; };
		EA169E9B22CE877B00EB46AE /* Base */ = {isa = PBXFileReference; lastKnownFileType = file.storyboard; name = Base; path = Base.lproj/LaunchScreen.storyboard; sourceTree = "<group>"; };
		EA169E9D22CE877B00EB46AE /* Info.plist */ = {isa = PBXFileReference; lastKnownFileType = text.plist.xml; path = Info.plist; sourceTree = "<group>"; };
		EA169EB122CFE47300EB46AE /* CoreDataManager.swift */ = {isa = PBXFileReference; lastKnownFileType = sourcecode.swift; path = CoreDataManager.swift; sourceTree = "<group>"; };
		EA169EB722CFE77A00EB46AE /* MainTabBarController.swift */ = {isa = PBXFileReference; lastKnownFileType = sourcecode.swift; path = MainTabBarController.swift; sourceTree = "<group>"; };
		EA169EBD22CFE80000EB46AE /* MMTabBarAnimateController.swift */ = {isa = PBXFileReference; fileEncoding = 4; lastKnownFileType = sourcecode.swift; path = MMTabBarAnimateController.swift; sourceTree = "<group>"; };
		EA169EBE22CFE80000EB46AE /* UIViewExtension.swift */ = {isa = PBXFileReference; fileEncoding = 4; lastKnownFileType = sourcecode.swift; path = UIViewExtension.swift; sourceTree = "<group>"; };
		EA169EBF22CFE80000EB46AE /* AnimateItem.swift */ = {isa = PBXFileReference; fileEncoding = 4; lastKnownFileType = sourcecode.swift; path = AnimateItem.swift; sourceTree = "<group>"; };
		EA169EC022CFE80000EB46AE /* ImageAnimateLayer.swift */ = {isa = PBXFileReference; fileEncoding = 4; lastKnownFileType = sourcecode.swift; path = ImageAnimateLayer.swift; sourceTree = "<group>"; };
		EA169EC522CFE89500EB46AE /* StoryboardIdentifiable.swift */ = {isa = PBXFileReference; lastKnownFileType = sourcecode.swift; path = StoryboardIdentifiable.swift; sourceTree = "<group>"; };
		EA169EC722CFE8EE00EB46AE /* Localized.swift */ = {isa = PBXFileReference; lastKnownFileType = sourcecode.swift; path = Localized.swift; sourceTree = "<group>"; };
		EA169EC922CFEAD600EB46AE /* ActiveTasks.storyboard */ = {isa = PBXFileReference; lastKnownFileType = file.storyboard; path = ActiveTasks.storyboard; sourceTree = "<group>"; };
		EA169ECB22CFEAE600EB46AE /* DoneTasks.storyboard */ = {isa = PBXFileReference; lastKnownFileType = file.storyboard; path = DoneTasks.storyboard; sourceTree = "<group>"; };
		EA169ECD22CFEB8300EB46AE /* ActiveTasksNavigationController.swift */ = {isa = PBXFileReference; lastKnownFileType = sourcecode.swift; path = ActiveTasksNavigationController.swift; sourceTree = "<group>"; };
		EA169ECF22CFEB9100EB46AE /* DoneTasksNavigationController.swift */ = {isa = PBXFileReference; lastKnownFileType = sourcecode.swift; path = DoneTasksNavigationController.swift; sourceTree = "<group>"; };
		EA169ED222CFEBD600EB46AE /* ActiveTasksViewController.swift */ = {isa = PBXFileReference; lastKnownFileType = sourcecode.swift; path = ActiveTasksViewController.swift; sourceTree = "<group>"; };
		EA169ED422CFEBE000EB46AE /* DoneTasksViewController.swift */ = {isa = PBXFileReference; lastKnownFileType = sourcecode.swift; path = DoneTasksViewController.swift; sourceTree = "<group>"; };
		EA169ED622CFEDE400EB46AE /* UIStoryboard+Extension.swift */ = {isa = PBXFileReference; lastKnownFileType = sourcecode.swift; path = "UIStoryboard+Extension.swift"; sourceTree = "<group>"; };
		EA169EDC22CFF3B700EB46AE /* Config.swift */ = {isa = PBXFileReference; lastKnownFileType = sourcecode.swift; path = Config.swift; sourceTree = "<group>"; };
		EA169EDE22CFFA1100EB46AE /* AddAndEditTaskView.swift */ = {isa = PBXFileReference; lastKnownFileType = sourcecode.swift; path = AddAndEditTaskView.swift; sourceTree = "<group>"; };
		EA169EE022CFFA1D00EB46AE /* AddAndEditTaskView.xib */ = {isa = PBXFileReference; lastKnownFileType = file.xib; path = AddAndEditTaskView.xib; sourceTree = "<group>"; };
		EA169EE222CFFA7900EB46AE /* UnderlineTextField.swift */ = {isa = PBXFileReference; fileEncoding = 4; lastKnownFileType = sourcecode.swift; path = UnderlineTextField.swift; sourceTree = "<group>"; };
		EA169EE522CFFC1900EB46AE /* XibCreatable.swift */ = {isa = PBXFileReference; lastKnownFileType = sourcecode.swift; path = XibCreatable.swift; sourceTree = "<group>"; };
		EA169EE722CFFC3300EB46AE /* XibIdentifiable.swift */ = {isa = PBXFileReference; lastKnownFileType = sourcecode.swift; path = XibIdentifiable.swift; sourceTree = "<group>"; };
		EA169EE922D1D68000EB46AE /* UIColor+Extension.swift */ = {isa = PBXFileReference; lastKnownFileType = sourcecode.swift; path = "UIColor+Extension.swift"; sourceTree = "<group>"; };
		EA169EEB22D1DCFA00EB46AE /* UIViewController+Extension.swift */ = {isa = PBXFileReference; lastKnownFileType = sourcecode.swift; path = "UIViewController+Extension.swift"; sourceTree = "<group>"; };
/* End PBXFileReference section */

/* Begin PBXFrameworksBuildPhase section */
		EA169E8822CE877900EB46AE /* Frameworks */ = {
			isa = PBXFrameworksBuildPhase;
			buildActionMask = 2147483647;
			files = (
			);
			runOnlyForDeploymentPostprocessing = 0;
		};
/* End PBXFrameworksBuildPhase section */

/* Begin PBXGroup section */
		EA169E8222CE877900EB46AE = {
			isa = PBXGroup;
			children = (
				EA169E8D22CE877900EB46AE /* GuruToDo */,
				EA169E8C22CE877900EB46AE /* Products */,
			);
			sourceTree = "<group>";
		};
		EA169E8C22CE877900EB46AE /* Products */ = {
			isa = PBXGroup;
			children = (
				EA169E8B22CE877900EB46AE /* GuruToDo.app */,
			);
			name = Products;
			sourceTree = "<group>";
		};
		EA169E8D22CE877900EB46AE /* GuruToDo */ = {
			isa = PBXGroup;
			children = (
				EA169E8E22CE877900EB46AE /* AppDelegate.swift */,
				EA169EA322CE889F00EB46AE /* Controller */,
				EA169EA422CE88A600EB46AE /* View */,
				EA169EA522CE88AA00EB46AE /* Model */,
				EA169EAA22CE88FC00EB46AE /* Utilities */,
				EA169EB922CFE7CE00EB46AE /* Extension */,
				EA169EBA22CFE7DF00EB46AE /* Libs */,
				EA169EA622CE88AF00EB46AE /* Resources */,
				EA169E9D22CE877B00EB46AE /* Info.plist */,
			);
			path = GuruToDo;
			sourceTree = "<group>";
		};
		EA169EA322CE889F00EB46AE /* Controller */ = {
			isa = PBXGroup;
			children = (
				EA169ED122CFEBC900EB46AE /* DoneTasks */,
				EA169EB622CFE71400EB46AE /* ActiveTasks */,
				EA169EB522CFE70F00EB46AE /* Main */,
			);
			path = Controller;
			sourceTree = "<group>";
		};
		EA169EA422CE88A600EB46AE /* View */ = {
			isa = PBXGroup;
			children = (
				EA169EA822CE88BF00EB46AE /* Xib */,
				EA169EA722CE88B800EB46AE /* Storyboards */,
			);
			path = View;
			sourceTree = "<group>";
		};
		EA169EA522CE88AA00EB46AE /* Model */ = {
			isa = PBXGroup;
			children = (
				EA169E9522CE877900EB46AE /* GuruToDo.xcdatamodeld */,
			);
			path = Model;
			sourceTree = "<group>";
		};
		EA169EA622CE88AF00EB46AE /* Resources */ = {
			isa = PBXGroup;
			children = (
				EA169E9822CE877B00EB46AE /* Assets.xcassets */,
				EA169EC722CFE8EE00EB46AE /* Localized.swift */,
			);
			path = Resources;
			sourceTree = "<group>";
		};
		EA169EA722CE88B800EB46AE /* Storyboards */ = {
			isa = PBXGroup;
			children = (
				EA169E9222CE877900EB46AE /* Main.storyboard */,
				EA169E9A22CE877B00EB46AE /* LaunchScreen.storyboard */,
				EA169EC922CFEAD600EB46AE /* ActiveTasks.storyboard */,
				EA169ECB22CFEAE600EB46AE /* DoneTasks.storyboard */,
			);
			path = Storyboards;
			sourceTree = "<group>";
		};
		EA169EA822CE88BF00EB46AE /* Xib */ = {
			isa = PBXGroup;
			children = (
				EA169EDE22CFFA1100EB46AE /* AddAndEditTaskView.swift */,
				EA169EE022CFFA1D00EB46AE /* AddAndEditTaskView.xib */,
			);
			path = Xib;
			sourceTree = "<group>";
		};
		EA169EAA22CE88FC00EB46AE /* Utilities */ = {
			isa = PBXGroup;
			children = (
				EA169EB122CFE47300EB46AE /* CoreDataManager.swift */,
				EA169EC522CFE89500EB46AE /* StoryboardIdentifiable.swift */,
				EA169EDC22CFF3B700EB46AE /* Config.swift */,
				EA169EE522CFFC1900EB46AE /* XibCreatable.swift */,
				EA169EE722CFFC3300EB46AE /* XibIdentifiable.swift */,
			);
			path = Utilities;
			sourceTree = "<group>";
		};
		EA169EB522CFE70F00EB46AE /* Main */ = {
			isa = PBXGroup;
			children = (
				EA169EB722CFE77A00EB46AE /* MainTabBarController.swift */,
				EA169ECD22CFEB8300EB46AE /* ActiveTasksNavigationController.swift */,
				EA169ECF22CFEB9100EB46AE /* DoneTasksNavigationController.swift */,
			);
			path = Main;
			sourceTree = "<group>";
		};
		EA169EB622CFE71400EB46AE /* ActiveTasks */ = {
			isa = PBXGroup;
			children = (
				EA169ED222CFEBD600EB46AE /* ActiveTasksViewController.swift */,
			);
			path = ActiveTasks;
			sourceTree = "<group>";
		};
		EA169EB922CFE7CE00EB46AE /* Extension */ = {
			isa = PBXGroup;
			children = (
				EA169ED622CFEDE400EB46AE /* UIStoryboard+Extension.swift */,
				EA169EE922D1D68000EB46AE /* UIColor+Extension.swift */,
				EA169EEB22D1DCFA00EB46AE /* UIViewController+Extension.swift */,
			);
			path = Extension;
			sourceTree = "<group>";
		};
		EA169EBA22CFE7DF00EB46AE /* Libs */ = {
			isa = PBXGroup;
			children = (
				EA169EE222CFFA7900EB46AE /* UnderlineTextField.swift */,
				EA169EBB22CFE80000EB46AE /* MMTabBarAnimation */,
			);
			path = Libs;
			sourceTree = "<group>";
		};
		EA169EBB22CFE80000EB46AE /* MMTabBarAnimation */ = {
			isa = PBXGroup;
			children = (
				EA169EBC22CFE80000EB46AE /* Classes */,
			);
			path = MMTabBarAnimation;
			sourceTree = "<group>";
		};
		EA169EBC22CFE80000EB46AE /* Classes */ = {
			isa = PBXGroup;
			children = (
				EA169EBD22CFE80000EB46AE /* MMTabBarAnimateController.swift */,
				EA169EBE22CFE80000EB46AE /* UIViewExtension.swift */,
				EA169EBF22CFE80000EB46AE /* AnimateItem.swift */,
				EA169EC022CFE80000EB46AE /* ImageAnimateLayer.swift */,
			);
			path = Classes;
			sourceTree = "<group>";
		};
		EA169ED122CFEBC900EB46AE /* DoneTasks */ = {
			isa = PBXGroup;
			children = (
				EA169ED422CFEBE000EB46AE /* DoneTasksViewController.swift */,
			);
			path = DoneTasks;
			sourceTree = "<group>";
		};
/* End PBXGroup section */

/* Begin PBXNativeTarget section */
		EA169E8A22CE877900EB46AE /* GuruToDo */ = {
			isa = PBXNativeTarget;
			buildConfigurationList = EA169EA022CE877B00EB46AE /* Build configuration list for PBXNativeTarget "GuruToDo" */;
			buildPhases = (
				EA169E8722CE877900EB46AE /* Sources */,
				EA169E8822CE877900EB46AE /* Frameworks */,
				EA169E8922CE877900EB46AE /* Resources */,
			);
			buildRules = (
			);
			dependencies = (
			);
			name = GuruToDo;
			productName = GuruToDo;
			productReference = EA169E8B22CE877900EB46AE /* GuruToDo.app */;
			productType = "com.apple.product-type.application";
		};
/* End PBXNativeTarget section */

/* Begin PBXProject section */
		EA169E8322CE877900EB46AE /* Project object */ = {
			isa = PBXProject;
			attributes = {
				LastSwiftUpdateCheck = 1020;
				LastUpgradeCheck = 1020;
				ORGANIZATIONNAME = "Marcin Pietrzak";
				TargetAttributes = {
					EA169E8A22CE877900EB46AE = {
						CreatedOnToolsVersion = 10.2.1;
					};
				};
			};
			buildConfigurationList = EA169E8622CE877900EB46AE /* Build configuration list for PBXProject "GuruToDo" */;
			compatibilityVersion = "Xcode 9.3";
			developmentRegion = en;
			hasScannedForEncodings = 0;
			knownRegions = (
				en,
				Base,
			);
			mainGroup = EA169E8222CE877900EB46AE;
			productRefGroup = EA169E8C22CE877900EB46AE /* Products */;
			projectDirPath = "";
			projectRoot = "";
			targets = (
				EA169E8A22CE877900EB46AE /* GuruToDo */,
			);
		};
/* End PBXProject section */

/* Begin PBXResourcesBuildPhase section */
		EA169E8922CE877900EB46AE /* Resources */ = {
			isa = PBXResourcesBuildPhase;
			buildActionMask = 2147483647;
			files = (
				EA169E9C22CE877B00EB46AE /* LaunchScreen.storyboard in Resources */,
				EA169ECC22CFEAE600EB46AE /* DoneTasks.storyboard in Resources */,
				EA169E9922CE877B00EB46AE /* Assets.xcassets in Resources */,
				EA169EE122CFFA1D00EB46AE /* AddAndEditTaskView.xib in Resources */,
				EA169E9422CE877900EB46AE /* Main.storyboard in Resources */,
				EA169ECA22CFEAD600EB46AE /* ActiveTasks.storyboard in Resources */,
			);
			runOnlyForDeploymentPostprocessing = 0;
		};
/* End PBXResourcesBuildPhase section */

/* Begin PBXSourcesBuildPhase section */
		EA169E8722CE877900EB46AE /* Sources */ = {
			isa = PBXSourcesBuildPhase;
			buildActionMask = 2147483647;
			files = (
				EA169EEA22D1D68000EB46AE /* UIColor+Extension.swift in Sources */,
				EA169EE622CFFC1900EB46AE /* XibCreatable.swift in Sources */,
				EA169EC222CFE80000EB46AE /* UIViewExtension.swift in Sources */,
				EA169EC422CFE80000EB46AE /* ImageAnimateLayer.swift in Sources */,
				EA169E9722CE877900EB46AE /* GuruToDo.xcdatamodeld in Sources */,
				EA169EC122CFE80000EB46AE /* MMTabBarAnimateController.swift in Sources */,
				EA169ECE22CFEB8300EB46AE /* ActiveTasksNavigationController.swift in Sources */,
				EA169ED522CFEBE000EB46AE /* DoneTasksViewController.swift in Sources */,
				EA169EB222CFE47300EB46AE /* CoreDataManager.swift in Sources */,
				EA169EC822CFE8EE00EB46AE /* Localized.swift in Sources */,
				EA169EDF22CFFA1100EB46AE /* AddAndEditTaskView.swift in Sources */,
				EA169EC622CFE89500EB46AE /* StoryboardIdentifiable.swift in Sources */,
				EA169EEC22D1DCFA00EB46AE /* UIViewController+Extension.swift in Sources */,
				EA169EE822CFFC3300EB46AE /* XibIdentifiable.swift in Sources */,
				EA169EB822CFE77A00EB46AE /* MainTabBarController.swift in Sources */,
				EA169E8F22CE877900EB46AE /* AppDelegate.swift in Sources */,
				EA169ED022CFEB9100EB46AE /* DoneTasksNavigationController.swift in Sources */,
				EA169EC322CFE80000EB46AE /* AnimateItem.swift in Sources */,
				EA169EE322CFFA7A00EB46AE /* UnderlineTextField.swift in Sources */,
				EA169EDD22CFF3B700EB46AE /* Config.swift in Sources */,
				EA169ED322CFEBD600EB46AE /* ActiveTasksViewController.swift in Sources */,
				EA169ED722CFEDE400EB46AE /* UIStoryboard+Extension.swift in Sources */,
			);
			runOnlyForDeploymentPostprocessing = 0;
		};
/* End PBXSourcesBuildPhase section */

/* Begin PBXVariantGroup section */
		EA169E9222CE877900EB46AE /* Main.storyboard */ = {
			isa = PBXVariantGroup;
			children = (
				EA169E9322CE877900EB46AE /* Base */,
			);
			name = Main.storyboard;
			sourceTree = "<group>";
		};
		EA169E9A22CE877B00EB46AE /* LaunchScreen.storyboard */ = {
			isa = PBXVariantGroup;
			children = (
				EA169E9B22CE877B00EB46AE /* Base */,
			);
			name = LaunchScreen.storyboard;
			sourceTree = "<group>";
		};
/* End PBXVariantGroup section */

/* Begin XCBuildConfiguration section */
		EA169E9E22CE877B00EB46AE /* Debug */ = {
			isa = XCBuildConfiguration;
			buildSettings = {
				ALWAYS_SEARCH_USER_PATHS = NO;
				CLANG_ANALYZER_NONNULL = YES;
				CLANG_ANALYZER_NUMBER_OBJECT_CONVERSION = YES_AGGRESSIVE;
				CLANG_CXX_LANGUAGE_STANDARD = "gnu++14";
				CLANG_CXX_LIBRARY = "libc++";
				CLANG_ENABLE_MODULES = YES;
				CLANG_ENABLE_OBJC_ARC = YES;
				CLANG_ENABLE_OBJC_WEAK = YES;
				CLANG_WARN_BLOCK_CAPTURE_AUTORELEASING = YES;
				CLANG_WARN_BOOL_CONVERSION = YES;
				CLANG_WARN_COMMA = YES;
				CLANG_WARN_CONSTANT_CONVERSION = YES;
				CLANG_WARN_DEPRECATED_OBJC_IMPLEMENTATIONS = YES;
				CLANG_WARN_DIRECT_OBJC_ISA_USAGE = YES_ERROR;
				CLANG_WARN_DOCUMENTATION_COMMENTS = YES;
				CLANG_WARN_EMPTY_BODY = YES;
				CLANG_WARN_ENUM_CONVERSION = YES;
				CLANG_WARN_INFINITE_RECURSION = YES;
				CLANG_WARN_INT_CONVERSION = YES;
				CLANG_WARN_NON_LITERAL_NULL_CONVERSION = YES;
				CLANG_WARN_OBJC_IMPLICIT_RETAIN_SELF = YES;
				CLANG_WARN_OBJC_LITERAL_CONVERSION = YES;
				CLANG_WARN_OBJC_ROOT_CLASS = YES_ERROR;
				CLANG_WARN_RANGE_LOOP_ANALYSIS = YES;
				CLANG_WARN_STRICT_PROTOTYPES = YES;
				CLANG_WARN_SUSPICIOUS_MOVE = YES;
				CLANG_WARN_UNGUARDED_AVAILABILITY = YES_AGGRESSIVE;
				CLANG_WARN_UNREACHABLE_CODE = YES;
				CLANG_WARN__DUPLICATE_METHOD_MATCH = YES;
				CODE_SIGN_IDENTITY = "iPhone Developer";
				COPY_PHASE_STRIP = NO;
				DEBUG_INFORMATION_FORMAT = dwarf;
				ENABLE_STRICT_OBJC_MSGSEND = YES;
				ENABLE_TESTABILITY = YES;
				GCC_C_LANGUAGE_STANDARD = gnu11;
				GCC_DYNAMIC_NO_PIC = NO;
				GCC_NO_COMMON_BLOCKS = YES;
				GCC_OPTIMIZATION_LEVEL = 0;
				GCC_PREPROCESSOR_DEFINITIONS = (
					"DEBUG=1",
					"$(inherited)",
				);
				GCC_WARN_64_TO_32_BIT_CONVERSION = YES;
				GCC_WARN_ABOUT_RETURN_TYPE = YES_ERROR;
				GCC_WARN_UNDECLARED_SELECTOR = YES;
				GCC_WARN_UNINITIALIZED_AUTOS = YES_AGGRESSIVE;
				GCC_WARN_UNUSED_FUNCTION = YES;
				GCC_WARN_UNUSED_VARIABLE = YES;
				IPHONEOS_DEPLOYMENT_TARGET = 12.2;
				MTL_ENABLE_DEBUG_INFO = INCLUDE_SOURCE;
				MTL_FAST_MATH = YES;
				ONLY_ACTIVE_ARCH = YES;
				SDKROOT = iphoneos;
				SWIFT_ACTIVE_COMPILATION_CONDITIONS = DEBUG;
				SWIFT_OPTIMIZATION_LEVEL = "-Onone";
			};
			name = Debug;
		};
		EA169E9F22CE877B00EB46AE /* Release */ = {
			isa = XCBuildConfiguration;
			buildSettings = {
				ALWAYS_SEARCH_USER_PATHS = NO;
				CLANG_ANALYZER_NONNULL = YES;
				CLANG_ANALYZER_NUMBER_OBJECT_CONVERSION = YES_AGGRESSIVE;
				CLANG_CXX_LANGUAGE_STANDARD = "gnu++14";
				CLANG_CXX_LIBRARY = "libc++";
				CLANG_ENABLE_MODULES = YES;
				CLANG_ENABLE_OBJC_ARC = YES;
				CLANG_ENABLE_OBJC_WEAK = YES;
				CLANG_WARN_BLOCK_CAPTURE_AUTORELEASING = YES;
				CLANG_WARN_BOOL_CONVERSION = YES;
				CLANG_WARN_COMMA = YES;
				CLANG_WARN_CONSTANT_CONVERSION = YES;
				CLANG_WARN_DEPRECATED_OBJC_IMPLEMENTATIONS = YES;
				CLANG_WARN_DIRECT_OBJC_ISA_USAGE = YES_ERROR;
				CLANG_WARN_DOCUMENTATION_COMMENTS = YES;
				CLANG_WARN_EMPTY_BODY = YES;
				CLANG_WARN_ENUM_CONVERSION = YES;
				CLANG_WARN_INFINITE_RECURSION = YES;
				CLANG_WARN_INT_CONVERSION = YES;
				CLANG_WARN_NON_LITERAL_NULL_CONVERSION = YES;
				CLANG_WARN_OBJC_IMPLICIT_RETAIN_SELF = YES;
				CLANG_WARN_OBJC_LITERAL_CONVERSION = YES;
				CLANG_WARN_OBJC_ROOT_CLASS = YES_ERROR;
				CLANG_WARN_RANGE_LOOP_ANALYSIS = YES;
				CLANG_WARN_STRICT_PROTOTYPES = YES;
				CLANG_WARN_SUSPICIOUS_MOVE = YES;
				CLANG_WARN_UNGUARDED_AVAILABILITY = YES_AGGRESSIVE;
				CLANG_WARN_UNREACHABLE_CODE = YES;
				CLANG_WARN__DUPLICATE_METHOD_MATCH = YES;
				CODE_SIGN_IDENTITY = "iPhone Developer";
				COPY_PHASE_STRIP = NO;
				DEBUG_INFORMATION_FORMAT = "dwarf-with-dsym";
				ENABLE_NS_ASSERTIONS = NO;
				ENABLE_STRICT_OBJC_MSGSEND = YES;
				GCC_C_LANGUAGE_STANDARD = gnu11;
				GCC_NO_COMMON_BLOCKS = YES;
				GCC_WARN_64_TO_32_BIT_CONVERSION = YES;
				GCC_WARN_ABOUT_RETURN_TYPE = YES_ERROR;
				GCC_WARN_UNDECLARED_SELECTOR = YES;
				GCC_WARN_UNINITIALIZED_AUTOS = YES_AGGRESSIVE;
				GCC_WARN_UNUSED_FUNCTION = YES;
				GCC_WARN_UNUSED_VARIABLE = YES;
				IPHONEOS_DEPLOYMENT_TARGET = 12.2;
				MTL_ENABLE_DEBUG_INFO = NO;
				MTL_FAST_MATH = YES;
				SDKROOT = iphoneos;
				SWIFT_COMPILATION_MODE = wholemodule;
				SWIFT_OPTIMIZATION_LEVEL = "-O";
				VALIDATE_PRODUCT = YES;
			};
			name = Release;
		};
		EA169EA122CE877B00EB46AE /* Debug */ = {
			isa = XCBuildConfiguration;
			buildSettings = {
				ASSETCATALOG_COMPILER_APPICON_NAME = AppIcon;
				CODE_SIGN_STYLE = Automatic;
				DEVELOPMENT_TEAM = KZM8JH55Z4;
				INFOPLIST_FILE = GuruToDo/Info.plist;
				IPHONEOS_DEPLOYMENT_TARGET = 11.0;
				LD_RUNPATH_SEARCH_PATHS = (
					"$(inherited)",
					"@executable_path/Frameworks",
				);
				PRODUCT_BUNDLE_IDENTIFIER = pl.pietrzakmarcin.GuruToDo;
				PRODUCT_NAME = "$(TARGET_NAME)";
				SWIFT_VERSION = 5.0;
				TARGETED_DEVICE_FAMILY = "1,2";
			};
			name = Debug;
		};
		EA169EA222CE877B00EB46AE /* Release */ = {
			isa = XCBuildConfiguration;
			buildSettings = {
				ASSETCATALOG_COMPILER_APPICON_NAME = AppIcon;
				CODE_SIGN_STYLE = Automatic;
				DEVELOPMENT_TEAM = KZM8JH55Z4;
				INFOPLIST_FILE = GuruToDo/Info.plist;
				IPHONEOS_DEPLOYMENT_TARGET = 11.0;
				LD_RUNPATH_SEARCH_PATHS = (
					"$(inherited)",
					"@executable_path/Frameworks",
				);
				PRODUCT_BUNDLE_IDENTIFIER = pl.pietrzakmarcin.GuruToDo;
				PRODUCT_NAME = "$(TARGET_NAME)";
				SWIFT_VERSION = 5.0;
				TARGETED_DEVICE_FAMILY = "1,2";
			};
			name = Release;
		};
/* End XCBuildConfiguration section */

/* Begin XCConfigurationList section */
		EA169E8622CE877900EB46AE /* Build configuration list for PBXProject "GuruToDo" */ = {
			isa = XCConfigurationList;
			buildConfigurations = (
				EA169E9E22CE877B00EB46AE /* Debug */,
				EA169E9F22CE877B00EB46AE /* Release */,
			);
			defaultConfigurationIsVisible = 0;
			defaultConfigurationName = Release;
		};
		EA169EA022CE877B00EB46AE /* Build configuration list for PBXNativeTarget "GuruToDo" */ = {
			isa = XCConfigurationList;
			buildConfigurations = (
				EA169EA122CE877B00EB46AE /* Debug */,
				EA169EA222CE877B00EB46AE /* Release */,
			);
			defaultConfigurationIsVisible = 0;
			defaultConfigurationName = Release;
		};
/* End XCConfigurationList section */

/* Begin XCVersionGroup section */
		EA169E9522CE877900EB46AE /* GuruToDo.xcdatamodeld */ = {
			isa = XCVersionGroup;
			children = (
				EA169E9622CE877900EB46AE /* GuruToDo.xcdatamodel */,
			);
			currentVersion = EA169E9622CE877900EB46AE /* GuruToDo.xcdatamodel */;
			path = GuruToDo.xcdatamodeld;
			sourceTree = "<group>";
			versionGroupType = wrapper.xcdatamodel;
		};
/* End XCVersionGroup section */
	};
	rootObject = EA169E8322CE877900EB46AE /* Project object */;
}
